
Microsoft Visual Studio Solution File, Format Version 12.00
# Visual Studio Version 16
VisualStudioVersion = 16.0.30114.105
MinimumVisualStudioVersion = 10.0.40219.1
Project("{FAE04EC0-301F-11D3-BF4B-00C04F79EFBC}") = "API", "API\API.csproj", "{CF781E59-13B4-47DF-AABB-E2D6E333FBC2}"
EndProject
Project("{FAE04EC0-301F-11D3-BF4B-00C04F79EFBC}") = "Application", "Application\Application.csproj", "{882BD2E1-FBBD-4DE0-8172-6FE48494BE8F}"
EndProject
Project("{FAE04EC0-301F-11D3-BF4B-00C04F79EFBC}") = "Domain", "Domain\Domain.csproj", "{1D5E20DF-0841-4B8A-A2FD-7D054DFBE4B2}"
EndProject
Project("{FAE04EC0-301F-11D3-BF4B-00C04F79EFBC}") = "Persistence", "Persistence\Persistence.csproj", "{D5F46C45-E3BD-47EC-9361-CE9E96093B02}"
EndProject
Project("{FAE04EC0-301F-11D3-BF4B-00C04F79EFBC}") = "Infrastructure", "Infrastructure\Infrastructure.csproj", "{7AE1800B-1238-42BC-9A9F-9F6D088D1400}"
EndProject
Global
	GlobalSection(SolutionConfigurationPlatforms) = preSolution
		Debug|Any CPU = Debug|Any CPU
		Release|Any CPU = Release|Any CPU
	EndGlobalSection
	GlobalSection(SolutionProperties) = preSolution
		HideSolutionNode = FALSE
	EndGlobalSection
	GlobalSection(ProjectConfigurationPlatforms) = postSolution
		{CF781E59-13B4-47DF-AABB-E2D6E333FBC2}.Debug|Any CPU.ActiveCfg = Debug|Any CPU
		{CF781E59-13B4-47DF-AABB-E2D6E333FBC2}.Debug|Any CPU.Build.0 = Debug|Any CPU
		{CF781E59-13B4-47DF-AABB-E2D6E333FBC2}.Release|Any CPU.ActiveCfg = Release|Any CPU
		{CF781E59-13B4-47DF-AABB-E2D6E333FBC2}.Release|Any CPU.Build.0 = Release|Any CPU
		{882BD2E1-FBBD-4DE0-8172-6FE48494BE8F}.Debug|Any CPU.ActiveCfg = Debug|Any CPU
		{882BD2E1-FBBD-4DE0-8172-6FE48494BE8F}.Debug|Any CPU.Build.0 = Debug|Any CPU
		{882BD2E1-FBBD-4DE0-8172-6FE48494BE8F}.Release|Any CPU.ActiveCfg = Release|Any CPU
		{882BD2E1-FBBD-4DE0-8172-6FE48494BE8F}.Release|Any CPU.Build.0 = Release|Any CPU
		{1D5E20DF-0841-4B8A-A2FD-7D054DFBE4B2}.Debug|Any CPU.ActiveCfg = Debug|Any CPU
		{1D5E20DF-0841-4B8A-A2FD-7D054DFBE4B2}.Debug|Any CPU.Build.0 = Debug|Any CPU
		{1D5E20DF-0841-4B8A-A2FD-7D054DFBE4B2}.Release|Any CPU.ActiveCfg = Release|Any CPU
		{1D5E20DF-0841-4B8A-A2FD-7D054DFBE4B2}.Release|Any CPU.Build.0 = Release|Any CPU
		{D5F46C45-E3BD-47EC-9361-CE9E96093B02}.Debug|Any CPU.ActiveCfg = Debug|Any CPU
		{D5F46C45-E3BD-47EC-9361-CE9E96093B02}.Debug|Any CPU.Build.0 = Debug|Any CPU
		{D5F46C45-E3BD-47EC-9361-CE9E96093B02}.Release|Any CPU.ActiveCfg = Release|Any CPU
		{D5F46C45-E3BD-47EC-9361-CE9E96093B02}.Release|Any CPU.Build.0 = Release|Any CPU
		{7AE1800B-1238-42BC-9A9F-9F6D088D1400}.Debug|Any CPU.ActiveCfg = Debug|Any CPU
		{7AE1800B-1238-42BC-9A9F-9F6D088D1400}.Debug|Any CPU.Build.0 = Debug|Any CPU
		{7AE1800B-1238-42BC-9A9F-9F6D088D1400}.Release|Any CPU.ActiveCfg = Release|Any CPU
		{7AE1800B-1238-42BC-9A9F-9F6D088D1400}.Release|Any CPU.Build.0 = Release|Any CPU
	EndGlobalSection
EndGlobal
